
Microsoft Visual Studio Solution File, Format Version 12.00
# Visual Studio Version 16
VisualStudioVersion = 16.0.36631.11
MinimumVisualStudioVersion = 10.0.40219.1
Project("{FAE04EC0-301F-11D3-BF4B-00C04F79EFBC}") = "practical_one", "practical_one.csproj", "{EF67D792-FF43-4E0C-A02B-86DB35392216}"
EndProject
Global
	GlobalSection(SolutionConfigurationPlatforms) = preSolution
		Debug|Any CPU = Debug|Any CPU
		Release|Any CPU = Release|Any CPU
	EndGlobalSection
	GlobalSection(ProjectConfigurationPlatforms) = postSolution
		{EF67D792-FF43-4E0C-A02B-86DB35392216}.Debug|Any CPU.ActiveCfg = Debug|Any CPU
		{EF67D792-FF43-4E0C-A02B-86DB35392216}.Debug|Any CPU.Build.0 = Debug|Any CPU
		{EF67D792-FF43-4E0C-A02B-86DB35392216}.Release|Any CPU.ActiveCfg = Release|Any CPU
		{EF67D792-FF43-4E0C-A02B-86DB35392216}.Release|Any CPU.Build.0 = Release|Any CPU
	EndGlobalSection
	GlobalSection(SolutionProperties) = preSolution
		HideSolutionNode = FALSE
	EndGlobalSection
	GlobalSection(ExtensibilityGlobals) = postSolution
		SolutionGuid = {BBCD268D-7D5F-4783-91D5-C443AA4E7397}
	EndGlobalSection
EndGlobal
